
Microsoft Visual Studio Solution File, Format Version 12.00
# Visual Studio Version 17
VisualStudioVersion = 17.6.33829.357
MinimumVisualStudioVersion = 10.0.40219.1
Project("{9A19103F-16F7-4668-BE54-9A1E7A4F7556}") = "tablice", "tablice\tablice.csproj", "{3B5A0592-CFC9-4949-BB91-934E7F420235}"
EndProject
Project("{9A19103F-16F7-4668-BE54-9A1E7A4F7556}") = "macierze", "macierze\macierze.csproj", "{E8C1803A-4A93-4467-9A05-0B1D4C79DF6A}"
EndProject
Project("{9A19103F-16F7-4668-BE54-9A1E7A4F7556}") = "tablice 2", "tablice 2\tablice 2.csproj", "{5C5D8496-3D8B-4D17-B6B1-3EFD2DA4EB19}"
EndProject
Project("{9A19103F-16F7-4668-BE54-9A1E7A4F7556}") = "tablice 3", "tablice 3\tablice 3.csproj", "{EDB2F5A0-3B71-4104-8C84-16EBFCDDC915}"
EndProject
Project("{9A19103F-16F7-4668-BE54-9A1E7A4F7556}") = "tablice-test", "tablice-test\tablice-test.csproj", "{81217139-384B-43C0-9B7B-CBBF12955846}"
EndProject
Project("{FAE04EC0-301F-11D3-BF4B-00C04F79EFBC}") = "macierze 2", "macierze 2\macierze 2.csproj", "{27D9A929-DDED-4CC4-856B-32DE8FD94626}"
EndProject
Global
	GlobalSection(SolutionConfigurationPlatforms) = preSolution
		Debug|Any CPU = Debug|Any CPU
		Release|Any CPU = Release|Any CPU
	EndGlobalSection
	GlobalSection(ProjectConfigurationPlatforms) = postSolution
		{3B5A0592-CFC9-4949-BB91-934E7F420235}.Debug|Any CPU.ActiveCfg = Debug|Any CPU
		{3B5A0592-CFC9-4949-BB91-934E7F420235}.Debug|Any CPU.Build.0 = Debug|Any CPU
		{3B5A0592-CFC9-4949-BB91-934E7F420235}.Release|Any CPU.ActiveCfg = Release|Any CPU
		{3B5A0592-CFC9-4949-BB91-934E7F420235}.Release|Any CPU.Build.0 = Release|Any CPU
		{E8C1803A-4A93-4467-9A05-0B1D4C79DF6A}.Debug|Any CPU.ActiveCfg = Debug|Any CPU
		{E8C1803A-4A93-4467-9A05-0B1D4C79DF6A}.Debug|Any CPU.Build.0 = Debug|Any CPU
		{E8C1803A-4A93-4467-9A05-0B1D4C79DF6A}.Release|Any CPU.ActiveCfg = Release|Any CPU
		{E8C1803A-4A93-4467-9A05-0B1D4C79DF6A}.Release|Any CPU.Build.0 = Release|Any CPU
		{5C5D8496-3D8B-4D17-B6B1-3EFD2DA4EB19}.Debug|Any CPU.ActiveCfg = Debug|Any CPU
		{5C5D8496-3D8B-4D17-B6B1-3EFD2DA4EB19}.Debug|Any CPU.Build.0 = Debug|Any CPU
		{5C5D8496-3D8B-4D17-B6B1-3EFD2DA4EB19}.Release|Any CPU.ActiveCfg = Release|Any CPU
		{5C5D8496-3D8B-4D17-B6B1-3EFD2DA4EB19}.Release|Any CPU.Build.0 = Release|Any CPU
		{EDB2F5A0-3B71-4104-8C84-16EBFCDDC915}.Debug|Any CPU.ActiveCfg = Debug|Any CPU
		{EDB2F5A0-3B71-4104-8C84-16EBFCDDC915}.Debug|Any CPU.Build.0 = Debug|Any CPU
		{EDB2F5A0-3B71-4104-8C84-16EBFCDDC915}.Release|Any CPU.ActiveCfg = Release|Any CPU
		{EDB2F5A0-3B71-4104-8C84-16EBFCDDC915}.Release|Any CPU.Build.0 = Release|Any CPU
		{81217139-384B-43C0-9B7B-CBBF12955846}.Debug|Any CPU.ActiveCfg = Debug|Any CPU
		{81217139-384B-43C0-9B7B-CBBF12955846}.Debug|Any CPU.Build.0 = Debug|Any CPU
		{81217139-384B-43C0-9B7B-CBBF12955846}.Release|Any CPU.ActiveCfg = Release|Any CPU
		{81217139-384B-43C0-9B7B-CBBF12955846}.Release|Any CPU.Build.0 = Release|Any CPU
		{27D9A929-DDED-4CC4-856B-32DE8FD94626}.Debug|Any CPU.ActiveCfg = Debug|Any CPU
		{27D9A929-DDED-4CC4-856B-32DE8FD94626}.Debug|Any CPU.Build.0 = Debug|Any CPU
		{27D9A929-DDED-4CC4-856B-32DE8FD94626}.Release|Any CPU.ActiveCfg = Release|Any CPU
		{27D9A929-DDED-4CC4-856B-32DE8FD94626}.Release|Any CPU.Build.0 = Release|Any CPU
	EndGlobalSection
	GlobalSection(SolutionProperties) = preSolution
		HideSolutionNode = FALSE
	EndGlobalSection
	GlobalSection(ExtensibilityGlobals) = postSolution
		SolutionGuid = {A459AA8B-854C-4617-A505-F7F7C8012C3B}
	EndGlobalSection
EndGlobal
